
Microsoft Visual Studio Solution File, Format Version 12.00
# Visual Studio 15
VisualStudioVersion = 15.0.27004.2009
MinimumVisualStudioVersion = 10.0.40219.1
Project("{9A19103F-16F7-4668-BE54-9A1E7A4F7556}") = "Swords.HighCpuApi", "Swords.HighCpuApi\Swords.HighCpuApi.csproj", "{DC8DA285-9DCF-4D01-B3CD-6CE15DE9AEC8}"
EndProject
Project("{FAE04EC0-301F-11D3-BF4B-00C04F79EFBC}") = "Swords.HighCpuJob", "Swords.HighCpuJob\Swords.HighCpuJob.csproj", "{90F6DFAF-03BA-4A53-A96A-DF981D42DDF9}"
EndProject
Global
	GlobalSection(SolutionConfigurationPlatforms) = preSolution
		Debug|Any CPU = Debug|Any CPU
		Release|Any CPU = Release|Any CPU
	EndGlobalSection
	GlobalSection(ProjectConfigurationPlatforms) = postSolution
		{DC8DA285-9DCF-4D01-B3CD-6CE15DE9AEC8}.Debug|Any CPU.ActiveCfg = Debug|Any CPU
		{DC8DA285-9DCF-4D01-B3CD-6CE15DE9AEC8}.Debug|Any CPU.Build.0 = Debug|Any CPU
		{DC8DA285-9DCF-4D01-B3CD-6CE15DE9AEC8}.Release|Any CPU.ActiveCfg = Release|Any CPU
		{DC8DA285-9DCF-4D01-B3CD-6CE15DE9AEC8}.Release|Any CPU.Build.0 = Release|Any CPU
		{90F6DFAF-03BA-4A53-A96A-DF981D42DDF9}.Debug|Any CPU.ActiveCfg = Debug|Any CPU
		{90F6DFAF-03BA-4A53-A96A-DF981D42DDF9}.Debug|Any CPU.Build.0 = Debug|Any CPU
		{90F6DFAF-03BA-4A53-A96A-DF981D42DDF9}.Release|Any CPU.ActiveCfg = Release|Any CPU
		{90F6DFAF-03BA-4A53-A96A-DF981D42DDF9}.Release|Any CPU.Build.0 = Release|Any CPU
	EndGlobalSection
	GlobalSection(SolutionProperties) = preSolution
		HideSolutionNode = FALSE
	EndGlobalSection
	GlobalSection(ExtensibilityGlobals) = postSolution
		SolutionGuid = {FC6C03B3-6F46-479C-B07B-1C81CD95B2E0}
	EndGlobalSection
EndGlobal
